
Microsoft Visual Studio Solution File, Format Version 12.00
# Visual Studio Version 16
VisualStudioVersion = 16.0.30621.155
MinimumVisualStudioVersion = 10.0.40219.1
Project("{9A19103F-16F7-4668-BE54-9A1E7A4F7556}") = "Card-Game", "Card-Game.csproj", "{C7CEB143-0F6E-4306-872E-A46D57BEDE6F}"
EndProject
Project("{FAE04EC0-301F-11D3-BF4B-00C04F79EFBC}") = "Card-Game-test", "..\Card-Game-test\Card-Game-test.csproj", "{1AF72805-0B03-423C-A9CC-D3D26ADEAD85}"
EndProject
Global
	GlobalSection(SolutionConfigurationPlatforms) = preSolution
		Debug|Any CPU = Debug|Any CPU
		Release|Any CPU = Release|Any CPU
	EndGlobalSection
	GlobalSection(ProjectConfigurationPlatforms) = postSolution
		{C7CEB143-0F6E-4306-872E-A46D57BEDE6F}.Debug|Any CPU.ActiveCfg = Debug|Any CPU
		{C7CEB143-0F6E-4306-872E-A46D57BEDE6F}.Debug|Any CPU.Build.0 = Debug|Any CPU
		{C7CEB143-0F6E-4306-872E-A46D57BEDE6F}.Release|Any CPU.ActiveCfg = Release|Any CPU
		{C7CEB143-0F6E-4306-872E-A46D57BEDE6F}.Release|Any CPU.Build.0 = Release|Any CPU
		{1AF72805-0B03-423C-A9CC-D3D26ADEAD85}.Debug|Any CPU.ActiveCfg = Debug|Any CPU
		{1AF72805-0B03-423C-A9CC-D3D26ADEAD85}.Debug|Any CPU.Build.0 = Debug|Any CPU
		{1AF72805-0B03-423C-A9CC-D3D26ADEAD85}.Release|Any CPU.ActiveCfg = Release|Any CPU
		{1AF72805-0B03-423C-A9CC-D3D26ADEAD85}.Release|Any CPU.Build.0 = Release|Any CPU
	EndGlobalSection
	GlobalSection(SolutionProperties) = preSolution
		HideSolutionNode = FALSE
	EndGlobalSection
	GlobalSection(ExtensibilityGlobals) = postSolution
		SolutionGuid = {7B0E0C95-56D0-4A43-A154-EFD52A673DC6}
	EndGlobalSection
EndGlobal
